
Microsoft Visual Studio Solution File, Format Version 11.00
# Visual Studio 2010
Project("{FAE04EC0-301F-11D3-BF4B-00C04F79EFBC}") = "LectorRSS", "LectorRSS\LectorRSS.csproj", "{045D420B-C09E-4698-95C5-2219FC117FAD}"
EndProject
Project("{FAE04EC0-301F-11D3-BF4B-00C04F79EFBC}") = "Backend", "Backend\Backend.csproj", "{6BB3BF8B-469A-42C6-9916-94C6519DC0C8}"
EndProject
Global
	GlobalSection(SolutionConfigurationPlatforms) = preSolution
		Debug|Any CPU = Debug|Any CPU
		Release|Any CPU = Release|Any CPU
	EndGlobalSection
	GlobalSection(ProjectConfigurationPlatforms) = postSolution
		{045D420B-C09E-4698-95C5-2219FC117FAD}.Debug|Any CPU.ActiveCfg = Debug|Any CPU
		{045D420B-C09E-4698-95C5-2219FC117FAD}.Debug|Any CPU.Build.0 = Debug|Any CPU
		{045D420B-C09E-4698-95C5-2219FC117FAD}.Debug|Any CPU.Deploy.0 = Debug|Any CPU
		{045D420B-C09E-4698-95C5-2219FC117FAD}.Release|Any CPU.ActiveCfg = Release|Any CPU
		{045D420B-C09E-4698-95C5-2219FC117FAD}.Release|Any CPU.Build.0 = Release|Any CPU
		{045D420B-C09E-4698-95C5-2219FC117FAD}.Release|Any CPU.Deploy.0 = Release|Any CPU
		{6BB3BF8B-469A-42C6-9916-94C6519DC0C8}.Debug|Any CPU.ActiveCfg = Debug|Any CPU
		{6BB3BF8B-469A-42C6-9916-94C6519DC0C8}.Debug|Any CPU.Build.0 = Debug|Any CPU
		{6BB3BF8B-469A-42C6-9916-94C6519DC0C8}.Release|Any CPU.ActiveCfg = Release|Any CPU
		{6BB3BF8B-469A-42C6-9916-94C6519DC0C8}.Release|Any CPU.Build.0 = Release|Any CPU
	EndGlobalSection
	GlobalSection(SolutionProperties) = preSolution
		HideSolutionNode = FALSE
	EndGlobalSection
EndGlobal
